// !$*UTF8*$!
{
	archiveVersion = 1;
	classes = {
	};
	objectVersion = 55;
	objects = {

/* Begin PBXBuildFile section */
		CB6F5E08586F1333A44ACAF9 /* Pods_GoogleMaps_SDK.framework in Frameworks */ = {isa = PBXBuildFile; fileRef = 33EF301821E369167A297946 /* Pods_GoogleMaps_SDK.framework */; };
		E28AC50E27B83B6A0045E7D3 /* AppDelegate.swift in Sources */ = {isa = PBXBuildFile; fileRef = E28AC50D27B83B6A0045E7D3 /* AppDelegate.swift */; };
		E28AC51027B83B6A0045E7D3 /* SceneDelegate.swift in Sources */ = {isa = PBXBuildFile; fileRef = E28AC50F27B83B6A0045E7D3 /* SceneDelegate.swift */; };
		E28AC51227B83B6A0045E7D3 /* ViewController.swift in Sources */ = {isa = PBXBuildFile; fileRef = E28AC51127B83B6A0045E7D3 /* ViewController.swift */; };
		E28AC51527B83B6A0045E7D3 /* Main.storyboard in Resources */ = {isa = PBXBuildFile; fileRef = E28AC51327B83B6A0045E7D3 /* Main.storyboard */; };
		E28AC51727B83B6B0045E7D3 /* Assets.xcassets in Resources */ = {isa = PBXBuildFile; fileRef = E28AC51627B83B6B0045E7D3 /* Assets.xcassets */; };
		E28AC51A27B83B6B0045E7D3 /* LaunchScreen.storyboard in Resources */ = {isa = PBXBuildFile; fileRef = E28AC51827B83B6B0045E7D3 /* LaunchScreen.storyboard */; };
/* End PBXBuildFile section */

/* Begin PBXFileReference section */
		166375F7E7C25A0665675900 /* Pods-GoogleMaps-SDK.debug.xcconfig */ = {isa = PBXFileReference; includeInIndex = 1; lastKnownFileType = text.xcconfig; name = "Pods-GoogleMaps-SDK.debug.xcconfig"; path = "Target Support Files/Pods-GoogleMaps-SDK/Pods-GoogleMaps-SDK.debug.xcconfig"; sourceTree = "<group>"; };
		33EF301821E369167A297946 /* Pods_GoogleMaps_SDK.framework */ = {isa = PBXFileReference; explicitFileType = wrapper.framework; includeInIndex = 0; path = Pods_GoogleMaps_SDK.framework; sourceTree = BUILT_PRODUCTS_DIR; };
		A0FF362E50CEDA7CCD6AE32F /* Pods-GoogleMaps-SDK.release.xcconfig */ = {isa = PBXFileReference; includeInIndex = 1; lastKnownFileType = text.xcconfig; name = "Pods-GoogleMaps-SDK.release.xcconfig"; path = "Target Support Files/Pods-GoogleMaps-SDK/Pods-GoogleMaps-SDK.release.xcconfig"; sourceTree = "<group>"; };
		E28AC50A27B83B6A0045E7D3 /* GoogleMaps-SDK.app */ = {isa = PBXFileReference; explicitFileType = wrapper.application; includeInIndex = 0; path = "GoogleMaps-SDK.app"; sourceTree = BUILT_PRODUCTS_DIR; };
		E28AC50D27B83B6A0045E7D3 /* AppDelegate.swift */ = {isa = PBXFileReference; lastKnownFileType = sourcecode.swift; path = AppDelegate.swift; sourceTree = "<group>"; };
		E28AC50F27B83B6A0045E7D3 /* SceneDelegate.swift */ = {isa = PBXFileReference; lastKnownFileType = sourcecode.swift; path = SceneDelegate.swift; sourceTree = "<group>"; };
		E28AC51127B83B6A0045E7D3 /* ViewController.swift */ = {isa = PBXFileReference; lastKnownFileType = sourcecode.swift; path = ViewController.swift; sourceTree = "<group>"; };
		E28AC51427B83B6A0045E7D3 /* Base */ = {isa = PBXFileReference; lastKnownFileType = file.storyboard; name = Base; path = Base.lproj/Main.storyboard; sourceTree = "<group>"; };
		E28AC51627B83B6B0045E7D3 /* Assets.xcassets */ = {isa = PBXFileReference; lastKnownFileType = folder.assetcatalog; path = Assets.xcassets; sourceTree = "<group>"; };
		E28AC51927B83B6B0045E7D3 /* Base */ = {isa = PBXFileReference; lastKnownFileType = file.storyboard; name = Base; path = Base.lproj/LaunchScreen.storyboard; sourceTree = "<group>"; };
		E28AC51B27B83B6B0045E7D3 /* Info.plist */ = {isa = PBXFileReference; lastKnownFileType = text.plist.xml; path = Info.plist; sourceTree = "<group>"; };
/* End PBXFileReference section */

/* Begin PBXFrameworksBuildPhase section */
		E28AC50727B83B6A0045E7D3 /* Frameworks */ = {
			isa = PBXFrameworksBuildPhase;
			buildActionMask = 2147483647;
			files = (
				CB6F5E08586F1333A44ACAF9 /* Pods_GoogleMaps_SDK.framework in Frameworks */,
			);
			runOnlyForDeploymentPostprocessing = 0;
		};
/* End PBXFrameworksBuildPhase section */

/* Begin PBXGroup section */
		0358B791E2AF284E962785D4 /* Pods */ = {
			isa = PBXGroup;
			children = (
				166375F7E7C25A0665675900 /* Pods-GoogleMaps-SDK.debug.xcconfig */,
				A0FF362E50CEDA7CCD6AE32F /* Pods-GoogleMaps-SDK.release.xcconfig */,
			);
			name = Pods;
			path = Pods;
			sourceTree = "<group>";
		};
		CFD5D3872AC2456A87B20A8B /* Frameworks */ = {
			isa = PBXGroup;
			children = (
				33EF301821E369167A297946 /* Pods_GoogleMaps_SDK.framework */,
			);
			name = Frameworks;
			sourceTree = "<group>";
		};
		E28AC50127B83B6A0045E7D3 = {
			isa = PBXGroup;
			children = (
				E28AC50C27B83B6A0045E7D3 /* GoogleMaps-SDK */,
				E28AC50B27B83B6A0045E7D3 /* Products */,
				0358B791E2AF284E962785D4 /* Pods */,
				CFD5D3872AC2456A87B20A8B /* Frameworks */,
			);
			sourceTree = "<group>";
		};
		E28AC50B27B83B6A0045E7D3 /* Products */ = {
			isa = PBXGroup;
			children = (
				E28AC50A27B83B6A0045E7D3 /* GoogleMaps-SDK.app */,
			);
			name = Products;
			sourceTree = "<group>";
		};
		E28AC50C27B83B6A0045E7D3 /* GoogleMaps-SDK */ = {
			isa = PBXGroup;
			children = (
				E28AC50D27B83B6A0045E7D3 /* AppDelegate.swift */,
				E28AC50F27B83B6A0045E7D3 /* SceneDelegate.swift */,
				E28AC51127B83B6A0045E7D3 /* ViewController.swift */,
				E28AC51327B83B6A0045E7D3 /* Main.storyboard */,
				E28AC51627B83B6B0045E7D3 /* Assets.xcassets */,
				E28AC51827B83B6B0045E7D3 /* LaunchScreen.storyboard */,
				E28AC51B27B83B6B0045E7D3 /* Info.plist */,
			);
			path = "GoogleMaps-SDK";
			sourceTree = "<group>";
		};
/* End PBXGroup section */

/* Begin PBXNativeTarget section */
		E28AC50927B83B6A0045E7D3 /* GoogleMaps-SDK */ = {
			isa = PBXNativeTarget;
			buildConfigurationList = E28AC51E27B83B6B0045E7D3 /* Build configuration list for PBXNativeTarget "GoogleMaps-SDK" */;
			buildPhases = (
				BDFC966ADD62D65DC78839B7 /* [CP] Check Pods Manifest.lock */,
				E28AC50627B83B6A0045E7D3 /* Sources */,
				E28AC50727B83B6A0045E7D3 /* Frameworks */,
				E28AC50827B83B6A0045E7D3 /* Resources */,
				65FC8A93F436E93AB0CC44C0 /* [CP] Copy Pods Resources */,
			);
			buildRules = (
			);
			dependencies = (
			);
			name = "GoogleMaps-SDK";
			productName = "GoogleMaps-SDK";
			productReference = E28AC50A27B83B6A0045E7D3 /* GoogleMaps-SDK.app */;
			productType = "com.apple.product-type.application";
		};
/* End PBXNativeTarget section */

/* Begin PBXProject section */
		E28AC50227B83B6A0045E7D3 /* Project object */ = {
			isa = PBXProject;
			attributes = {
				BuildIndependentTargetsInParallel = 1;
				LastSwiftUpdateCheck = 1320;
				LastUpgradeCheck = 1320;
				TargetAttributes = {
					E28AC50927B83B6A0045E7D3 = {
						CreatedOnToolsVersion = 13.2.1;
					};
				};
			};
			buildConfigurationList = E28AC50527B83B6A0045E7D3 /* Build configuration list for PBXProject "GoogleMaps-SDK" */;
			compatibilityVersion = "Xcode 13.0";
			developmentRegion = en;
			hasScannedForEncodings = 0;
			knownRegions = (
				en,
				Base,
			);
			mainGroup = E28AC50127B83B6A0045E7D3;
			productRefGroup = E28AC50B27B83B6A0045E7D3 /* Products */;
			projectDirPath = "";
			projectRoot = "";
			targets = (
				E28AC50927B83B6A0045E7D3 /* GoogleMaps-SDK */,
			);
		};
/* End PBXProject section */

/* Begin PBXResourcesBuildPhase section */
		E28AC50827B83B6A0045E7D3 /* Resources */ = {
			isa = PBXResourcesBuildPhase;
			buildActionMask = 2147483647;
			files = (
				E28AC51A27B83B6B0045E7D3 /* LaunchScreen.storyboard in Resources */,
				E28AC51727B83B6B0045E7D3 /* Assets.xcassets in Resources */,
				E28AC51527B83B6A0045E7D3 /* Main.storyboard in Resources */,
			);
			runOnlyForDeploymentPostprocessing = 0;
		};
/* End PBXResourcesBuildPhase section */

/* Begin PBXShellScriptBuildPhase section */
		65FC8A93F436E93AB0CC44C0 /* [CP] Copy Pods Resources */ = {
			isa = PBXShellScriptBuildPhase;
			buildActionMask = 2147483647;
			files = (
			);
			inputFileListPaths = (
				"${PODS_ROOT}/Target Support Files/Pods-GoogleMaps-SDK/Pods-GoogleMaps-SDK-resources-${CONFIGURATION}-input-files.xcfilelist",
			);
			name = "[CP] Copy Pods Resources";
			outputFileListPaths = (
				"${PODS_ROOT}/Target Support Files/Pods-GoogleMaps-SDK/Pods-GoogleMaps-SDK-resources-${CONFIGURATION}-output-files.xcfilelist",
			);
			runOnlyForDeploymentPostprocessing = 0;
			shellPath = /bin/sh;
			shellScript = "\"${PODS_ROOT}/Target Support Files/Pods-GoogleMaps-SDK/Pods-GoogleMaps-SDK-resources.sh\"\n";
			showEnvVarsInLog = 0;
		};
		BDFC966ADD62D65DC78839B7 /* [CP] Check Pods Manifest.lock */ = {
			isa = PBXShellScriptBuildPhase;
			buildActionMask = 2147483647;
			files = (
			);
			inputFileListPaths = (
			);
			inputPaths = (
				"${PODS_PODFILE_DIR_PATH}/Podfile.lock",
				"${PODS_ROOT}/Manifest.lock",
			);
			name = "[CP] Check Pods Manifest.lock";
			outputFileListPaths = (
			);
			outputPaths = (
				"$(DERIVED_FILE_DIR)/Pods-GoogleMaps-SDK-checkManifestLockResult.txt",
			);
			runOnlyForDeploymentPostprocessing = 0;
			shellPath = /bin/sh;
			shellScript = "diff \"${PODS_PODFILE_DIR_PATH}/Podfile.lock\" \"${PODS_ROOT}/Manifest.lock\" > /dev/null\nif [ $? != 0 ] ; then\n    # print error to STDERR\n    echo \"error: The sandbox is not in sync with the Podfile.lock. Run 'pod install' or update your CocoaPods installation.\" >&2\n    exit 1\nfi\n# This output is used by Xcode 'outputs' to avoid re-running this script phase.\necho \"SUCCESS\" > \"${SCRIPT_OUTPUT_FILE_0}\"\n";
			showEnvVarsInLog = 0;
		};
/* End PBXShellScriptBuildPhase section */

/* Begin PBXSourcesBuildPhase section */
		E28AC50627B83B6A0045E7D3 /* Sources */ = {
			isa = PBXSourcesBuildPhase;
			buildActionMask = 2147483647;
			files = (
				E28AC51227B83B6A0045E7D3 /* ViewController.swift in Sources */,
				E28AC50E27B83B6A0045E7D3 /* AppDelegate.swift in Sources */,
				E28AC51027B83B6A0045E7D3 /* SceneDelegate.swift in Sources */,
			);
			runOnlyForDeploymentPostprocessing = 0;
		};
/* End PBXSourcesBuildPhase section */

/* Begin PBXVariantGroup section */
		E28AC51327B83B6A0045E7D3 /* Main.storyboard */ = {
			isa = PBXVariantGroup;
			children = (
				E28AC51427B83B6A0045E7D3 /* Base */,
			);
			name = Main.storyboard;
			sourceTree = "<group>";
		};
		E28AC51827B83B6B0045E7D3 /* LaunchScreen.storyboard */ = {
			isa = PBXVariantGroup;
			children = (
				E28AC51927B83B6B0045E7D3 /* Base */,
			);
			name = LaunchScreen.storyboard;
			sourceTree = "<group>";
		};
/* End PBXVariantGroup section */

/* Begin XCBuildConfiguration section */
		E28AC51C27B83B6B0045E7D3 /* Debug */ = {
			isa = XCBuildConfiguration;
			buildSettings = {
				ALWAYS_SEARCH_USER_PATHS = NO;
				CLANG_ANALYZER_NONNULL = YES;
				CLANG_ANALYZER_NUMBER_OBJECT_CONVERSION = YES_AGGRESSIVE;
				CLANG_CXX_LANGUAGE_STANDARD = "gnu++17";
				CLANG_CXX_LIBRARY = "libc++";
				CLANG_ENABLE_MODULES = YES;
				CLANG_ENABLE_OBJC_ARC = YES;
				CLANG_ENABLE_OBJC_WEAK = YES;
				CLANG_WARN_BLOCK_CAPTURE_AUTORELEASING = YES;
				CLANG_WARN_BOOL_CONVERSION = YES;
				CLANG_WARN_COMMA = YES;
				CLANG_WARN_CONSTANT_CONVERSION = YES;
				CLANG_WARN_DEPRECATED_OBJC_IMPLEMENTATIONS = YES;
				CLANG_WARN_DIRECT_OBJC_ISA_USAGE = YES_ERROR;
				CLANG_WARN_DOCUMENTATION_COMMENTS = YES;
				CLANG_WARN_EMPTY_BODY = YES;
				CLANG_WARN_ENUM_CONVERSION = YES;
				CLANG_WARN_INFINITE_RECURSION = YES;
				CLANG_WARN_INT_CONVERSION = YES;
				CLANG_WARN_NON_LITERAL_NULL_CONVERSION = YES;
				CLANG_WARN_OBJC_IMPLICIT_RETAIN_SELF = YES;
				CLANG_WARN_OBJC_LITERAL_CONVERSION = YES;
				CLANG_WARN_OBJC_ROOT_CLASS = YES_ERROR;
				CLANG_WARN_QUOTED_INCLUDE_IN_FRAMEWORK_HEADER = YES;
				CLANG_WARN_RANGE_LOOP_ANALYSIS = YES;
				CLANG_WARN_STRICT_PROTOTYPES = YES;
				CLANG_WARN_SUSPICIOUS_MOVE = YES;
				CLANG_WARN_UNGUARDED_AVAILABILITY = YES_AGGRESSIVE;
				CLANG_WARN_UNREACHABLE_CODE = YES;
				CLANG_WARN__DUPLICATE_METHOD_MATCH = YES;
				COPY_PHASE_STRIP = NO;
				DEBUG_INFORMATION_FORMAT = dwarf;
				ENABLE_STRICT_OBJC_MSGSEND = YES;
				ENABLE_TESTABILITY = YES;
				GCC_C_LANGUAGE_STANDARD = gnu11;
				GCC_DYNAMIC_NO_PIC = NO;
				GCC_NO_COMMON_BLOCKS = YES;
				GCC_OPTIMIZATION_LEVEL = 0;
				GCC_PREPROCESSOR_DEFINITIONS = (
					"DEBUG=1",
					"$(inherited)",
				);
				GCC_WARN_64_TO_32_BIT_CONVERSION = YES;
				GCC_WARN_ABOUT_RETURN_TYPE = YES_ERROR;
				GCC_WARN_UNDECLARED_SELECTOR = YES;
				GCC_WARN_UNINITIALIZED_AUTOS = YES_AGGRESSIVE;
				GCC_WARN_UNUSED_FUNCTION = YES;
				GCC_WARN_UNUSED_VARIABLE = YES;
				IPHONEOS_DEPLOYMENT_TARGET = 15.2;
				MTL_ENABLE_DEBUG_INFO = INCLUDE_SOURCE;
				MTL_FAST_MATH = YES;
				ONLY_ACTIVE_ARCH = YES;
				SDKROOT = iphoneos;
				SWIFT_ACTIVE_COMPILATION_CONDITIONS = DEBUG;
				SWIFT_OPTIMIZATION_LEVEL = "-Onone";
			};
			name = Debug;
		};
		E28AC51D27B83B6B0045E7D3 /* Release */ = {
			isa = XCBuildConfiguration;
			buildSettings = {
				ALWAYS_SEARCH_USER_PATHS = NO;
				CLANG_ANALYZER_NONNULL = YES;
				CLANG_ANALYZER_NUMBER_OBJECT_CONVERSION = YES_AGGRESSIVE;
				CLANG_CXX_LANGUAGE_STANDARD = "gnu++17";
				CLANG_CXX_LIBRARY = "libc++";
				CLANG_ENABLE_MODULES = YES;
				CLANG_ENABLE_OBJC_ARC = YES;
				CLANG_ENABLE_OBJC_WEAK = YES;
				CLANG_WARN_BLOCK_CAPTURE_AUTORELEASING = YES;
				CLANG_WARN_BOOL_CONVERSION = YES;
				CLANG_WARN_COMMA = YES;
				CLANG_WARN_CONSTANT_CONVERSION = YES;
				CLANG_WARN_DEPRECATED_OBJC_IMPLEMENTATIONS = YES;
				CLANG_WARN_DIRECT_OBJC_ISA_USAGE = YES_ERROR;
				CLANG_WARN_DOCUMENTATION_COMMENTS = YES;
				CLANG_WARN_EMPTY_BODY = YES;
				CLANG_WARN_ENUM_CONVERSION = YES;
				CLANG_WARN_INFINITE_RECURSION = YES;
				CLANG_WARN_INT_CONVERSION = YES;
				CLANG_WARN_NON_LITERAL_NULL_CONVERSION = YES;
				CLANG_WARN_OBJC_IMPLICIT_RETAIN_SELF = YES;
				CLANG_WARN_OBJC_LITERAL_CONVERSION = YES;
				CLANG_WARN_OBJC_ROOT_CLASS = YES_ERROR;
				CLANG_WARN_QUOTED_INCLUDE_IN_FRAMEWORK_HEADER = YES;
				CLANG_WARN_RANGE_LOOP_ANALYSIS = YES;
				CLANG_WARN_STRICT_PROTOTYPES = YES;
				CLANG_WARN_SUSPICIOUS_MOVE = YES;
				CLANG_WARN_UNGUARDED_AVAILABILITY = YES_AGGRESSIVE;
				CLANG_WARN_UNREACHABLE_CODE = YES;
				CLANG_WARN__DUPLICATE_METHOD_MATCH = YES;
				COPY_PHASE_STRIP = NO;
				DEBUG_INFORMATION_FORMAT = "dwarf-with-dsym";
				ENABLE_NS_ASSERTIONS = NO;
				ENABLE_STRICT_OBJC_MSGSEND = YES;
				GCC_C_LANGUAGE_STANDARD = gnu11;
				GCC_NO_COMMON_BLOCKS = YES;
				GCC_WARN_64_TO_32_BIT_CONVERSION = YES;
				GCC_WARN_ABOUT_RETURN_TYPE = YES_ERROR;
				GCC_WARN_UNDECLARED_SELECTOR = YES;
				GCC_WARN_UNINITIALIZED_AUTOS = YES_AGGRESSIVE;
				GCC_WARN_UNUSED_FUNCTION = YES;
				GCC_WARN_UNUSED_VARIABLE = YES;
				IPHONEOS_DEPLOYMENT_TARGET = 15.2;
				MTL_ENABLE_DEBUG_INFO = NO;
				MTL_FAST_MATH = YES;
				SDKROOT = iphoneos;
				SWIFT_COMPILATION_MODE = wholemodule;
				SWIFT_OPTIMIZATION_LEVEL = "-O";
				VALIDATE_PRODUCT = YES;
			};
			name = Release;
		};
		E28AC51F27B83B6B0045E7D3 /* Debug */ = {
			isa = XCBuildConfiguration;
			baseConfigurationReference = 166375F7E7C25A0665675900 /* Pods-GoogleMaps-SDK.debug.xcconfig */;
			buildSettings = {
				ASSETCATALOG_COMPILER_APPICON_NAME = AppIcon;
				ASSETCATALOG_COMPILER_GLOBAL_ACCENT_COLOR_NAME = AccentColor;
				CODE_SIGN_STYLE = Automatic;
				CURRENT_PROJECT_VERSION = 1;
				GENERATE_INFOPLIST_FILE = YES;
				INFOPLIST_FILE = "GoogleMaps-SDK/Info.plist";
				INFOPLIST_KEY_UIApplicationSupportsIndirectInputEvents = YES;
				INFOPLIST_KEY_UILaunchStoryboardName = LaunchScreen;
				INFOPLIST_KEY_UIMainStoryboardFile = Main;
				INFOPLIST_KEY_UISupportedInterfaceOrientations_iPad = "UIInterfaceOrientationPortrait UIInterfaceOrientationPortraitUpsideDown UIInterfaceOrientationLandscapeLeft UIInterfaceOrientationLandscapeRight";
				INFOPLIST_KEY_UISupportedInterfaceOrientations_iPhone = "UIInterfaceOrientationPortrait UIInterfaceOrientationLandscapeLeft UIInterfaceOrientationLandscapeRight";
				LD_RUNPATH_SEARCH_PATHS = (
					"$(inherited)",
					"@executable_path/Frameworks",
				);
				MARKETING_VERSION = 1.0;
				PRODUCT_BUNDLE_IDENTIFIER = "myzk.GoogleMaps-SDK";
				PRODUCT_NAME = "$(TARGET_NAME)";
				SWIFT_EMIT_LOC_STRINGS = YES;
				SWIFT_VERSION = 5.0;
				TARGETED_DEVICE_FAMILY = "1,2";
			};
			name = Debug;
		};
		E28AC52027B83B6B0045E7D3 /* Release */ = {
			isa = XCBuildConfiguration;
			baseConfigurationReference = A0FF362E50CEDA7CCD6AE32F /* Pods-GoogleMaps-SDK.release.xcconfig */;
			buildSettings = {
				ASSETCATALOG_COMPILER_APPICON_NAME = AppIcon;
				ASSETCATALOG_COMPILER_GLOBAL_ACCENT_COLOR_NAME = AccentColor;
				CODE_SIGN_STYLE = Automatic;
				CURRENT_PROJECT_VERSION = 1;
				GENERATE_INFOPLIST_FILE = YES;
				INFOPLIST_FILE = "GoogleMaps-SDK/Info.plist";
				INFOPLIST_KEY_UIApplicationSupportsIndirectInputEvents = YES;
				INFOPLIST_KEY_UILaunchStoryboardName = LaunchScreen;
				INFOPLIST_KEY_UIMainStoryboardFile = Main;
				INFOPLIST_KEY_UISupportedInterfaceOrientations_iPad = "UIInterfaceOrientationPortrait UIInterfaceOrientationPortraitUpsideDown UIInterfaceOrientationLandscapeLeft UIInterfaceOrientationLandscapeRight";
				INFOPLIST_KEY_UISupportedInterfaceOrientations_iPhone = "UIInterfaceOrientationPortrait UIInterfaceOrientationLandscapeLeft UIInterfaceOrientationLandscapeRight";
				LD_RUNPATH_SEARCH_PATHS = (
					"$(inherited)",
					"@executable_path/Frameworks",
				);
				MARKETING_VERSION = 1.0;
				PRODUCT_BUNDLE_IDENTIFIER = "myzk.GoogleMaps-SDK";
				PRODUCT_NAME = "$(TARGET_NAME)";
				SWIFT_EMIT_LOC_STRINGS = YES;
				SWIFT_VERSION = 5.0;
				TARGETED_DEVICE_FAMILY = "1,2";
			};
			name = Release;
		};
/* End XCBuildConfiguration section */

/* Begin XCConfigurationList section */
		E28AC50527B83B6A0045E7D3 /* Build configuration list for PBXProject "GoogleMaps-SDK" */ = {
			isa = XCConfigurationList;
			buildConfigurations = (
				E28AC51C27B83B6B0045E7D3 /* Debug */,
				E28AC51D27B83B6B0045E7D3 /* Release */,
			);
			defaultConfigurationIsVisible = 0;
			defaultConfigurationName = Release;
		};
		E28AC51E27B83B6B0045E7D3 /* Build configuration list for PBXNativeTarget "GoogleMaps-SDK" */ = {
			isa = XCConfigurationList;
			buildConfigurations = (
				E28AC51F27B83B6B0045E7D3 /* Debug */,
				E28AC52027B83B6B0045E7D3 /* Release */,
			);
			defaultConfigurationIsVisible = 0;
			defaultConfigurationName = Release;
		};
/* End XCConfigurationList section */
	};
	rootObject = E28AC50227B83B6A0045E7D3 /* Project object */;
}
